
Microsoft Visual Studio Solution File, Format Version 12.00
# Visual Studio Version 17
VisualStudioVersion = 17.14.36202.13 d17.14
MinimumVisualStudioVersion = 10.0.40219.1
Project("{FAE04EC0-301F-11D3-BF4B-00C04F79EFBC}") = "nasa api key stuff", "nasa api key stuff\nasa api key stuff.csproj", "{1AA119B6-A501-435A-BACD-9DA617534CFE}"
EndProject
Global
	GlobalSection(SolutionConfigurationPlatforms) = preSolution
		Debug|Any CPU = Debug|Any CPU
		Release|Any CPU = Release|Any CPU
	EndGlobalSection
	GlobalSection(ProjectConfigurationPlatforms) = postSolution
		{1AA119B6-A501-435A-BACD-9DA617534CFE}.Debug|Any CPU.ActiveCfg = Debug|Any CPU
		{1AA119B6-A501-435A-BACD-9DA617534CFE}.Debug|Any CPU.Build.0 = Debug|Any CPU
		{1AA119B6-A501-435A-BACD-9DA617534CFE}.Release|Any CPU.ActiveCfg = Release|Any CPU
		{1AA119B6-A501-435A-BACD-9DA617534CFE}.Release|Any CPU.Build.0 = Release|Any CPU
	EndGlobalSection
	GlobalSection(SolutionProperties) = preSolution
		HideSolutionNode = FALSE
	EndGlobalSection
	GlobalSection(ExtensibilityGlobals) = postSolution
		SolutionGuid = {7AFE13E4-B191-4665-97D1-45DB94FEEB3B}
	EndGlobalSection
EndGlobal
